
Microsoft Visual Studio Solution File, Format Version 12.00
# Visual Studio 15
VisualStudioVersion = 15.0.27703.2000
MinimumVisualStudioVersion = 10.0.40219.1
Project("{9A19103F-16F7-4668-BE54-9A1E7A4F7556}") = "HttpScreenshotComparer", "HttpScreenshotComparer\HttpScreenshotComparer.csproj", "{23175F80-1834-44D3-A743-0E525AD20A90}"
EndProject
Project("{9A19103F-16F7-4668-BE54-9A1E7A4F7556}") = "HttpScreenshotComparer.Core", "HttpScreenshotComparer.Core\HttpScreenshotComparer.Core.csproj", "{D9773F23-0B29-4BFD-BD5C-A29FDD6A55A7}"
EndProject
Project("{9A19103F-16F7-4668-BE54-9A1E7A4F7556}") = "HttpScreenshotComparer.Core.Test", "HttpScreenshotComparer.Core.Test\HttpScreenshotComparer.Core.Test.csproj", "{DF674457-D875-4758-95BA-61FB3CD93CF7}"
EndProject
Global
	GlobalSection(SolutionConfigurationPlatforms) = preSolution
		D_Compare|Any CPU = D_Compare|Any CPU
		Debug compare|Any CPU = Debug compare|Any CPU
		Debug|Any CPU = Debug|Any CPU
		Release|Any CPU = Release|Any CPU
	EndGlobalSection
	GlobalSection(ProjectConfigurationPlatforms) = postSolution
		{23175F80-1834-44D3-A743-0E525AD20A90}.D_Compare|Any CPU.ActiveCfg = D_Compare|Any CPU
		{23175F80-1834-44D3-A743-0E525AD20A90}.D_Compare|Any CPU.Build.0 = D_Compare|Any CPU
		{23175F80-1834-44D3-A743-0E525AD20A90}.Debug compare|Any CPU.ActiveCfg = Debug compare|Any CPU
		{23175F80-1834-44D3-A743-0E525AD20A90}.Debug compare|Any CPU.Build.0 = Debug compare|Any CPU
		{23175F80-1834-44D3-A743-0E525AD20A90}.Debug|Any CPU.ActiveCfg = Debug|Any CPU
		{23175F80-1834-44D3-A743-0E525AD20A90}.Debug|Any CPU.Build.0 = Debug|Any CPU
		{23175F80-1834-44D3-A743-0E525AD20A90}.Release|Any CPU.ActiveCfg = Release|Any CPU
		{23175F80-1834-44D3-A743-0E525AD20A90}.Release|Any CPU.Build.0 = Release|Any CPU
		{D9773F23-0B29-4BFD-BD5C-A29FDD6A55A7}.D_Compare|Any CPU.ActiveCfg = D_Compare|Any CPU
		{D9773F23-0B29-4BFD-BD5C-A29FDD6A55A7}.D_Compare|Any CPU.Build.0 = D_Compare|Any CPU
		{D9773F23-0B29-4BFD-BD5C-A29FDD6A55A7}.Debug compare|Any CPU.ActiveCfg = Debug compare|Any CPU
		{D9773F23-0B29-4BFD-BD5C-A29FDD6A55A7}.Debug compare|Any CPU.Build.0 = Debug compare|Any CPU
		{D9773F23-0B29-4BFD-BD5C-A29FDD6A55A7}.Debug|Any CPU.ActiveCfg = Debug|Any CPU
		{D9773F23-0B29-4BFD-BD5C-A29FDD6A55A7}.Debug|Any CPU.Build.0 = Debug|Any CPU
		{D9773F23-0B29-4BFD-BD5C-A29FDD6A55A7}.Release|Any CPU.ActiveCfg = Release|Any CPU
		{D9773F23-0B29-4BFD-BD5C-A29FDD6A55A7}.Release|Any CPU.Build.0 = Release|Any CPU
		{DF674457-D875-4758-95BA-61FB3CD93CF7}.D_Compare|Any CPU.ActiveCfg = D_Compare|Any CPU
		{DF674457-D875-4758-95BA-61FB3CD93CF7}.D_Compare|Any CPU.Build.0 = D_Compare|Any CPU
		{DF674457-D875-4758-95BA-61FB3CD93CF7}.Debug compare|Any CPU.ActiveCfg = Debug compare|Any CPU
		{DF674457-D875-4758-95BA-61FB3CD93CF7}.Debug compare|Any CPU.Build.0 = Debug compare|Any CPU
		{DF674457-D875-4758-95BA-61FB3CD93CF7}.Debug|Any CPU.ActiveCfg = Debug|Any CPU
		{DF674457-D875-4758-95BA-61FB3CD93CF7}.Debug|Any CPU.Build.0 = Debug|Any CPU
		{DF674457-D875-4758-95BA-61FB3CD93CF7}.Release|Any CPU.ActiveCfg = Release|Any CPU
		{DF674457-D875-4758-95BA-61FB3CD93CF7}.Release|Any CPU.Build.0 = Release|Any CPU
	EndGlobalSection
	GlobalSection(SolutionProperties) = preSolution
		HideSolutionNode = FALSE
	EndGlobalSection
	GlobalSection(ExtensibilityGlobals) = postSolution
		SolutionGuid = {E5FE86ED-E68B-4ABB-92CF-9A62A28F8DE2}
	EndGlobalSection
EndGlobal
